
Microsoft Visual Studio Solution File, Format Version 12.00
# Visual Studio Version 17
VisualStudioVersion = 17.14.36623.8 d17.14
MinimumVisualStudioVersion = 10.0.40219.1
Project("{FAE04EC0-301F-11D3-BF4B-00C04F79EFBC}") = "EksamensProjektTeam5", "EksamensProjektTeam5\EksamensProjektTeam5.csproj", "{766A99D0-E4CD-4BD2-A0FB-C40A3160D17B}"
EndProject
Global
	GlobalSection(SolutionConfigurationPlatforms) = preSolution
		Debug|Any CPU = Debug|Any CPU
		Release|Any CPU = Release|Any CPU
	EndGlobalSection
	GlobalSection(ProjectConfigurationPlatforms) = postSolution
		{766A99D0-E4CD-4BD2-A0FB-C40A3160D17B}.Debug|Any CPU.ActiveCfg = Debug|Any CPU
		{766A99D0-E4CD-4BD2-A0FB-C40A3160D17B}.Debug|Any CPU.Build.0 = Debug|Any CPU
		{766A99D0-E4CD-4BD2-A0FB-C40A3160D17B}.Release|Any CPU.ActiveCfg = Release|Any CPU
		{766A99D0-E4CD-4BD2-A0FB-C40A3160D17B}.Release|Any CPU.Build.0 = Release|Any CPU
	EndGlobalSection
	GlobalSection(SolutionProperties) = preSolution
		HideSolutionNode = FALSE
	EndGlobalSection
	GlobalSection(ExtensibilityGlobals) = postSolution
		SolutionGuid = {D0F48FF1-6158-430C-B777-C0368DA14E3D}
	EndGlobalSection
EndGlobal
